{
  "requires": true,
  "lockfileVersion": 1,
  "dependencies": {
    "gridstack": {
      "version": "7.0.1",
      "resolved": "https://registry.npmjs.org/gridstack/-/gridstack-7.0.1.tgz",
      "integrity": "sha512-FF0nmZJ5lBDCh4IS4gw3ITMLKAuzhATMdYYpf8ZLTrxKSsYCG+ubSTMTPNF3B3nq8cLY3htEXa9XG4ka469dWQ=="
    }
  }
}
